// !$*UTF8*$!
{
	archiveVersion = 1;
	classes = {
	};
	objectVersion = 55;
	objects = {

/* Begin PBXBuildFile section */
		865CD22928D8A1DA0028394D /* StringUtilsSpec.swift in Sources */ = {isa = PBXBuildFile; fileRef = 865CD22228D8A1CA0028394D /* StringUtilsSpec.swift */; };
		865CD22C28D8A20C0028394D /* StringUtils.swift in Sources */ = {isa = PBXBuildFile; fileRef = 865CD22B28D8A20C0028394D /* StringUtils.swift */; };
		86DE7A1A28D767B600ABCBA2 /* UnitTestsApp.swift in Sources */ = {isa = PBXBuildFile; fileRef = 86DE7A1928D767B600ABCBA2 /* UnitTestsApp.swift */; };
		86DE7A1C28D767B600ABCBA2 /* ContentView.swift in Sources */ = {isa = PBXBuildFile; fileRef = 86DE7A1B28D767B600ABCBA2 /* ContentView.swift */; };
		86DE7A1E28D767BD00ABCBA2 /* Assets.xcassets in Resources */ = {isa = PBXBuildFile; fileRef = 86DE7A1D28D767BD00ABCBA2 /* Assets.xcassets */; };
		86DE7A2128D767BD00ABCBA2 /* Preview Assets.xcassets in Resources */ = {isa = PBXBuildFile; fileRef = 86DE7A2028D767BD00ABCBA2 /* Preview Assets.xcassets */; };
		86DE7A2B28D767BD00ABCBA2 /* UnitTestsTests.swift in Sources */ = {isa = PBXBuildFile; fileRef = 86DE7A2A28D767BD00ABCBA2 /* UnitTestsTests.swift */; };
		86DE7A3528D767BE00ABCBA2 /* UnitTestsUITests.swift in Sources */ = {isa = PBXBuildFile; fileRef = 86DE7A3428D767BE00ABCBA2 /* UnitTestsUITests.swift */; };
		86DE7A3728D767BE00ABCBA2 /* UnitTestsUITestsLaunchTests.swift in Sources */ = {isa = PBXBuildFile; fileRef = 86DE7A3628D767BE00ABCBA2 /* UnitTestsUITestsLaunchTests.swift */; };
/* End PBXBuildFile section */

/* Begin PBXContainerItemProxy section */
		865CD22428D8A1CA0028394D /* PBXContainerItemProxy */ = {
			isa = PBXContainerItemProxy;
			containerPortal = 86DE7A0E28D767B600ABCBA2 /* Project object */;
			proxyType = 1;
			remoteGlobalIDString = 86DE7A1528D767B600ABCBA2;
			remoteInfo = UnitTests;
		};
		86DE7A2728D767BD00ABCBA2 /* PBXContainerItemProxy */ = {
			isa = PBXContainerItemProxy;
			containerPortal = 86DE7A0E28D767B600ABCBA2 /* Project object */;
			proxyType = 1;
			remoteGlobalIDString = 86DE7A1528D767B600ABCBA2;
			remoteInfo = UnitTests;
		};
		86DE7A3128D767BE00ABCBA2 /* PBXContainerItemProxy */ = {
			isa = PBXContainerItemProxy;
			containerPortal = 86DE7A0E28D767B600ABCBA2 /* Project object */;
			proxyType = 1;
			remoteGlobalIDString = 86DE7A1528D767B600ABCBA2;
			remoteInfo = UnitTests;
		};
/* End PBXContainerItemProxy section */

/* Begin PBXFileReference section */
		865CD22028D8A1CA0028394D /* StringUtilsSpec.xctest */ = {isa = PBXFileReference; explicitFileType = wrapper.cfbundle; includeInIndex = 0; path = StringUtilsSpec.xctest; sourceTree = BUILT_PRODUCTS_DIR; };
		865CD22228D8A1CA0028394D /* StringUtilsSpec.swift */ = {isa = PBXFileReference; lastKnownFileType = sourcecode.swift; path = StringUtilsSpec.swift; sourceTree = "<group>"; };
		865CD22B28D8A20C0028394D /* StringUtils.swift */ = {isa = PBXFileReference; lastKnownFileType = sourcecode.swift; path = StringUtils.swift; sourceTree = "<group>"; };
		86DE7A1628D767B600ABCBA2 /* UnitTests.app */ = {isa = PBXFileReference; explicitFileType = wrapper.application; includeInIndex = 0; path = UnitTests.app; sourceTree = BUILT_PRODUCTS_DIR; };
		86DE7A1928D767B600ABCBA2 /* UnitTestsApp.swift */ = {isa = PBXFileReference; lastKnownFileType = sourcecode.swift; path = UnitTestsApp.swift; sourceTree = "<group>"; };
		86DE7A1B28D767B600ABCBA2 /* ContentView.swift */ = {isa = PBXFileReference; lastKnownFileType = sourcecode.swift; path = ContentView.swift; sourceTree = "<group>"; };
		86DE7A1D28D767BD00ABCBA2 /* Assets.xcassets */ = {isa = PBXFileReference; lastKnownFileType = folder.assetcatalog; path = Assets.xcassets; sourceTree = "<group>"; };
		86DE7A2028D767BD00ABCBA2 /* Preview Assets.xcassets */ = {isa = PBXFileReference; lastKnownFileType = folder.assetcatalog; path = "Preview Assets.xcassets"; sourceTree = "<group>"; };
		86DE7A2628D767BD00ABCBA2 /* UnitTestsTests.xctest */ = {isa = PBXFileReference; explicitFileType = wrapper.cfbundle; includeInIndex = 0; path = UnitTestsTests.xctest; sourceTree = BUILT_PRODUCTS_DIR; };
		86DE7A2A28D767BD00ABCBA2 /* UnitTestsTests.swift */ = {isa = PBXFileReference; lastKnownFileType = sourcecode.swift; path = UnitTestsTests.swift; sourceTree = "<group>"; };
		86DE7A3028D767BE00ABCBA2 /* UnitTestsUITests.xctest */ = {isa = PBXFileReference; explicitFileType = wrapper.cfbundle; includeInIndex = 0; path = UnitTestsUITests.xctest; sourceTree = BUILT_PRODUCTS_DIR; };
		86DE7A3428D767BE00ABCBA2 /* UnitTestsUITests.swift */ = {isa = PBXFileReference; lastKnownFileType = sourcecode.swift; path = UnitTestsUITests.swift; sourceTree = "<group>"; };
		86DE7A3628D767BE00ABCBA2 /* UnitTestsUITestsLaunchTests.swift */ = {isa = PBXFileReference; lastKnownFileType = sourcecode.swift; path = UnitTestsUITestsLaunchTests.swift; sourceTree = "<group>"; };
/* End PBXFileReference section */

/* Begin PBXFrameworksBuildPhase section */
		865CD21D28D8A1CA0028394D /* Frameworks */ = {
			isa = PBXFrameworksBuildPhase;
			buildActionMask = 2147483647;
			files = (
			);
			runOnlyForDeploymentPostprocessing = 0;
		};
		86DE7A1328D767B600ABCBA2 /* Frameworks */ = {
			isa = PBXFrameworksBuildPhase;
			buildActionMask = 2147483647;
			files = (
			);
			runOnlyForDeploymentPostprocessing = 0;
		};
		86DE7A2328D767BD00ABCBA2 /* Frameworks */ = {
			isa = PBXFrameworksBuildPhase;
			buildActionMask = 2147483647;
			files = (
			);
			runOnlyForDeploymentPostprocessing = 0;
		};
		86DE7A2D28D767BE00ABCBA2 /* Frameworks */ = {
			isa = PBXFrameworksBuildPhase;
			buildActionMask = 2147483647;
			files = (
			);
			runOnlyForDeploymentPostprocessing = 0;
		};
/* End PBXFrameworksBuildPhase section */

/* Begin PBXGroup section */
		865CD22A28D8A1F80028394D /* Utils */ = {
			isa = PBXGroup;
			children = (
				865CD22B28D8A20C0028394D /* StringUtils.swift */,
			);
			path = Utils;
			sourceTree = "<group>";
		};
		86DE7A0D28D767B600ABCBA2 = {
			isa = PBXGroup;
			children = (
				86DE7A1828D767B600ABCBA2 /* UnitTests */,
				86DE7A2928D767BD00ABCBA2 /* UnitTestsTests */,
				86DE7A3328D767BE00ABCBA2 /* UnitTestsUITests */,
				86DE7A1728D767B600ABCBA2 /* Products */,
			);
			sourceTree = "<group>";
		};
		86DE7A1728D767B600ABCBA2 /* Products */ = {
			isa = PBXGroup;
			children = (
				86DE7A1628D767B600ABCBA2 /* UnitTests.app */,
				86DE7A2628D767BD00ABCBA2 /* UnitTestsTests.xctest */,
				86DE7A3028D767BE00ABCBA2 /* UnitTestsUITests.xctest */,
				865CD22028D8A1CA0028394D /* StringUtilsSpec.xctest */,
			);
			name = Products;
			sourceTree = "<group>";
		};
		86DE7A1828D767B600ABCBA2 /* UnitTests */ = {
			isa = PBXGroup;
			children = (
				865CD22A28D8A1F80028394D /* Utils */,
				86DE7A1928D767B600ABCBA2 /* UnitTestsApp.swift */,
				86DE7A1B28D767B600ABCBA2 /* ContentView.swift */,
				86DE7A1D28D767BD00ABCBA2 /* Assets.xcassets */,
				86DE7A1F28D767BD00ABCBA2 /* Preview Content */,
			);
			path = UnitTests;
			sourceTree = "<group>";
		};
		86DE7A1F28D767BD00ABCBA2 /* Preview Content */ = {
			isa = PBXGroup;
			children = (
				86DE7A2028D767BD00ABCBA2 /* Preview Assets.xcassets */,
			);
			path = "Preview Content";
			sourceTree = "<group>";
		};
		86DE7A2928D767BD00ABCBA2 /* UnitTestsTests */ = {
			isa = PBXGroup;
			children = (
				86DE7A2A28D767BD00ABCBA2 /* UnitTestsTests.swift */,
				865CD22228D8A1CA0028394D /* StringUtilsSpec.swift */,
			);
			path = UnitTestsTests;
			sourceTree = "<group>";
		};
		86DE7A3328D767BE00ABCBA2 /* UnitTestsUITests */ = {
			isa = PBXGroup;
			children = (
				86DE7A3428D767BE00ABCBA2 /* UnitTestsUITests.swift */,
				86DE7A3628D767BE00ABCBA2 /* UnitTestsUITestsLaunchTests.swift */,
			);
			path = UnitTestsUITests;
			sourceTree = "<group>";
		};
/* End PBXGroup section */

/* Begin PBXNativeTarget section */
		865CD21F28D8A1CA0028394D /* StringUtilsSpec */ = {
			isa = PBXNativeTarget;
			buildConfigurationList = 865CD22828D8A1CA0028394D /* Build configuration list for PBXNativeTarget "StringUtilsSpec" */;
			buildPhases = (
				865CD21C28D8A1CA0028394D /* Sources */,
				865CD21D28D8A1CA0028394D /* Frameworks */,
				865CD21E28D8A1CA0028394D /* Resources */,
			);
			buildRules = (
			);
			dependencies = (
				865CD22528D8A1CA0028394D /* PBXTargetDependency */,
			);
			name = StringUtilsSpec;
			productName = StringUtilsSpec;
			productReference = 865CD22028D8A1CA0028394D /* StringUtilsSpec.xctest */;
			productType = "com.apple.product-type.bundle.unit-test";
		};
		86DE7A1528D767B600ABCBA2 /* UnitTests */ = {
			isa = PBXNativeTarget;
			buildConfigurationList = 86DE7A3A28D767BE00ABCBA2 /* Build configuration list for PBXNativeTarget "UnitTests" */;
			buildPhases = (
				86DE7A1228D767B600ABCBA2 /* Sources */,
				86DE7A1328D767B600ABCBA2 /* Frameworks */,
				86DE7A1428D767B600ABCBA2 /* Resources */,
			);
			buildRules = (
			);
			dependencies = (
			);
			name = UnitTests;
			productName = UnitTests;
			productReference = 86DE7A1628D767B600ABCBA2 /* UnitTests.app */;
			productType = "com.apple.product-type.application";
		};
		86DE7A2528D767BD00ABCBA2 /* UnitTestsTests */ = {
			isa = PBXNativeTarget;
			buildConfigurationList = 86DE7A3D28D767BE00ABCBA2 /* Build configuration list for PBXNativeTarget "UnitTestsTests" */;
			buildPhases = (
				86DE7A2228D767BD00ABCBA2 /* Sources */,
				86DE7A2328D767BD00ABCBA2 /* Frameworks */,
				86DE7A2428D767BD00ABCBA2 /* Resources */,
			);
			buildRules = (
			);
			dependencies = (
				86DE7A2828D767BD00ABCBA2 /* PBXTargetDependency */,
			);
			name = UnitTestsTests;
			productName = UnitTestsTests;
			productReference = 86DE7A2628D767BD00ABCBA2 /* UnitTestsTests.xctest */;
			productType = "com.apple.product-type.bundle.unit-test";
		};
		86DE7A2F28D767BE00ABCBA2 /* UnitTestsUITests */ = {
			isa = PBXNativeTarget;
			buildConfigurationList = 86DE7A4028D767BE00ABCBA2 /* Build configuration list for PBXNativeTarget "UnitTestsUITests" */;
			buildPhases = (
				86DE7A2C28D767BE00ABCBA2 /* Sources */,
				86DE7A2D28D767BE00ABCBA2 /* Frameworks */,
				86DE7A2E28D767BE00ABCBA2 /* Resources */,
			);
			buildRules = (
			);
			dependencies = (
				86DE7A3228D767BE00ABCBA2 /* PBXTargetDependency */,
			);
			name = UnitTestsUITests;
			productName = UnitTestsUITests;
			productReference = 86DE7A3028D767BE00ABCBA2 /* UnitTestsUITests.xctest */;
			productType = "com.apple.product-type.bundle.ui-testing";
		};
/* End PBXNativeTarget section */

/* Begin PBXProject section */
		86DE7A0E28D767B600ABCBA2 /* Project object */ = {
			isa = PBXProject;
			attributes = {
				BuildIndependentTargetsInParallel = 1;
				LastSwiftUpdateCheck = 1340;
				LastUpgradeCheck = 1340;
				TargetAttributes = {
					865CD21F28D8A1CA0028394D = {
						CreatedOnToolsVersion = 13.4.1;
						TestTargetID = 86DE7A1528D767B600ABCBA2;
					};
					86DE7A1528D767B600ABCBA2 = {
						CreatedOnToolsVersion = 13.4.1;
					};
					86DE7A2528D767BD00ABCBA2 = {
						CreatedOnToolsVersion = 13.4.1;
						TestTargetID = 86DE7A1528D767B600ABCBA2;
					};
					86DE7A2F28D767BE00ABCBA2 = {
						CreatedOnToolsVersion = 13.4.1;
						TestTargetID = 86DE7A1528D767B600ABCBA2;
					};
				};
			};
			buildConfigurationList = 86DE7A1128D767B600ABCBA2 /* Build configuration list for PBXProject "UnitTests" */;
			compatibilityVersion = "Xcode 13.0";
			developmentRegion = en;
			hasScannedForEncodings = 0;
			knownRegions = (
				en,
				Base,
			);
			mainGroup = 86DE7A0D28D767B600ABCBA2;
			productRefGroup = 86DE7A1728D767B600ABCBA2 /* Products */;
			projectDirPath = "";
			projectRoot = "";
			targets = (
				86DE7A1528D767B600ABCBA2 /* UnitTests */,
				86DE7A2528D767BD00ABCBA2 /* UnitTestsTests */,
				86DE7A2F28D767BE00ABCBA2 /* UnitTestsUITests */,
				865CD21F28D8A1CA0028394D /* StringUtilsSpec */,
			);
		};
/* End PBXProject section */

/* Begin PBXResourcesBuildPhase section */
		865CD21E28D8A1CA0028394D /* Resources */ = {
			isa = PBXResourcesBuildPhase;
			buildActionMask = 2147483647;
			files = (
			);
			runOnlyForDeploymentPostprocessing = 0;
		};
		86DE7A1428D767B600ABCBA2 /* Resources */ = {
			isa = PBXResourcesBuildPhase;
			buildActionMask = 2147483647;
			files = (
				86DE7A2128D767BD00ABCBA2 /* Preview Assets.xcassets in Resources */,
				86DE7A1E28D767BD00ABCBA2 /* Assets.xcassets in Resources */,
			);
			runOnlyForDeploymentPostprocessing = 0;
		};
		86DE7A2428D767BD00ABCBA2 /* Resources */ = {
			isa = PBXResourcesBuildPhase;
			buildActionMask = 2147483647;
			files = (
			);
			runOnlyForDeploymentPostprocessing = 0;
		};
		86DE7A2E28D767BE00ABCBA2 /* Resources */ = {
			isa = PBXResourcesBuildPhase;
			buildActionMask = 2147483647;
			files = (
			);
			runOnlyForDeploymentPostprocessing = 0;
		};
/* End PBXResourcesBuildPhase section */

/* Begin PBXSourcesBuildPhase section */
		865CD21C28D8A1CA0028394D /* Sources */ = {
			isa = PBXSourcesBuildPhase;
			buildActionMask = 2147483647;
			files = (
			);
			runOnlyForDeploymentPostprocessing = 0;
		};
		86DE7A1228D767B600ABCBA2 /* Sources */ = {
			isa = PBXSourcesBuildPhase;
			buildActionMask = 2147483647;
			files = (
				865CD22C28D8A20C0028394D /* StringUtils.swift in Sources */,
				86DE7A1C28D767B600ABCBA2 /* ContentView.swift in Sources */,
				86DE7A1A28D767B600ABCBA2 /* UnitTestsApp.swift in Sources */,
			);
			runOnlyForDeploymentPostprocessing = 0;
		};
		86DE7A2228D767BD00ABCBA2 /* Sources */ = {
			isa = PBXSourcesBuildPhase;
			buildActionMask = 2147483647;
			files = (
				86DE7A2B28D767BD00ABCBA2 /* UnitTestsTests.swift in Sources */,
				865CD22928D8A1DA0028394D /* StringUtilsSpec.swift in Sources */,
			);
			runOnlyForDeploymentPostprocessing = 0;
		};
		86DE7A2C28D767BE00ABCBA2 /* Sources */ = {
			isa = PBXSourcesBuildPhase;
			buildActionMask = 2147483647;
			files = (
				86DE7A3728D767BE00ABCBA2 /* UnitTestsUITestsLaunchTests.swift in Sources */,
				86DE7A3528D767BE00ABCBA2 /* UnitTestsUITests.swift in Sources */,
			);
			runOnlyForDeploymentPostprocessing = 0;
		};
/* End PBXSourcesBuildPhase section */

/* Begin PBXTargetDependency section */
		865CD22528D8A1CA0028394D /* PBXTargetDependency */ = {
			isa = PBXTargetDependency;
			target = 86DE7A1528D767B600ABCBA2 /* UnitTests */;
			targetProxy = 865CD22428D8A1CA0028394D /* PBXContainerItemProxy */;
		};
		86DE7A2828D767BD00ABCBA2 /* PBXTargetDependency */ = {
			isa = PBXTargetDependency;
			target = 86DE7A1528D767B600ABCBA2 /* UnitTests */;
			targetProxy = 86DE7A2728D767BD00ABCBA2 /* PBXContainerItemProxy */;
		};
		86DE7A3228D767BE00ABCBA2 /* PBXTargetDependency */ = {
			isa = PBXTargetDependency;
			target = 86DE7A1528D767B600ABCBA2 /* UnitTests */;
			targetProxy = 86DE7A3128D767BE00ABCBA2 /* PBXContainerItemProxy */;
		};
/* End PBXTargetDependency section */

/* Begin XCBuildConfiguration section */
		865CD22628D8A1CA0028394D /* Debug */ = {
			isa = XCBuildConfiguration;
			buildSettings = {
				BUNDLE_LOADER = "$(TEST_HOST)";
				CODE_SIGN_STYLE = Automatic;
				CURRENT_PROJECT_VERSION = 1;
				DEVELOPMENT_TEAM = 8UF6K7CB33;
				GENERATE_INFOPLIST_FILE = YES;
				MARKETING_VERSION = 1.0;
				PRODUCT_BUNDLE_IDENTIFIER = com.anthonyjose.StringUtilsSpec;
				PRODUCT_NAME = "$(TARGET_NAME)";
				SWIFT_EMIT_LOC_STRINGS = NO;
				SWIFT_VERSION = 5.0;
				TARGETED_DEVICE_FAMILY = "1,2";
				TEST_HOST = "$(BUILT_PRODUCTS_DIR)/UnitTests.app/UnitTests";
			};
			name = Debug;
		};
		865CD22728D8A1CA0028394D /* Release */ = {
			isa = XCBuildConfiguration;
			buildSettings = {
				BUNDLE_LOADER = "$(TEST_HOST)";
				CODE_SIGN_STYLE = Automatic;
				CURRENT_PROJECT_VERSION = 1;
				DEVELOPMENT_TEAM = 8UF6K7CB33;
				GENERATE_INFOPLIST_FILE = YES;
				MARKETING_VERSION = 1.0;
				PRODUCT_BUNDLE_IDENTIFIER = com.anthonyjose.StringUtilsSpec;
				PRODUCT_NAME = "$(TARGET_NAME)";
				SWIFT_EMIT_LOC_STRINGS = NO;
				SWIFT_VERSION = 5.0;
				TARGETED_DEVICE_FAMILY = "1,2";
				TEST_HOST = "$(BUILT_PRODUCTS_DIR)/UnitTests.app/UnitTests";
			};
			name = Release;
		};
		86DE7A3828D767BE00ABCBA2 /* Debug */ = {
			isa = XCBuildConfiguration;
			buildSettings = {
				ALWAYS_SEARCH_USER_PATHS = NO;
				CLANG_ANALYZER_NONNULL = YES;
				CLANG_ANALYZER_NUMBER_OBJECT_CONVERSION = YES_AGGRESSIVE;
				CLANG_CXX_LANGUAGE_STANDARD = "gnu++17";
				CLANG_ENABLE_MODULES = YES;
				CLANG_ENABLE_OBJC_ARC = YES;
				CLANG_ENABLE_OBJC_WEAK = YES;
				CLANG_WARN_BLOCK_CAPTURE_AUTORELEASING = YES;
				CLANG_WARN_BOOL_CONVERSION = YES;
				CLANG_WARN_COMMA = YES;
				CLANG_WARN_CONSTANT_CONVERSION = YES;
				CLANG_WARN_DEPRECATED_OBJC_IMPLEMENTATIONS = YES;
				CLANG_WARN_DIRECT_OBJC_ISA_USAGE = YES_ERROR;
				CLANG_WARN_DOCUMENTATION_COMMENTS = YES;
				CLANG_WARN_EMPTY_BODY = YES;
				CLANG_WARN_ENUM_CONVERSION = YES;
				CLANG_WARN_INFINITE_RECURSION = YES;
				CLANG_WARN_INT_CONVERSION = YES;
				CLANG_WARN_NON_LITERAL_NULL_CONVERSION = YES;
				CLANG_WARN_OBJC_IMPLICIT_RETAIN_SELF = YES;
				CLANG_WARN_OBJC_LITERAL_CONVERSION = YES;
				CLANG_WARN_OBJC_ROOT_CLASS = YES_ERROR;
				CLANG_WARN_QUOTED_INCLUDE_IN_FRAMEWORK_HEADER = YES;
				CLANG_WARN_RANGE_LOOP_ANALYSIS = YES;
				CLANG_WARN_STRICT_PROTOTYPES = YES;
				CLANG_WARN_SUSPICIOUS_MOVE = YES;
				CLANG_WARN_UNGUARDED_AVAILABILITY = YES_AGGRESSIVE;
				CLANG_WARN_UNREACHABLE_CODE = YES;
				CLANG_WARN__DUPLICATE_METHOD_MATCH = YES;
				COPY_PHASE_STRIP = NO;
				DEBUG_INFORMATION_FORMAT = dwarf;
				ENABLE_STRICT_OBJC_MSGSEND = YES;
				ENABLE_TESTABILITY = YES;
				GCC_C_LANGUAGE_STANDARD = gnu11;
				GCC_DYNAMIC_NO_PIC = NO;
				GCC_NO_COMMON_BLOCKS = YES;
				GCC_OPTIMIZATION_LEVEL = 0;
				GCC_PREPROCESSOR_DEFINITIONS = (
					"DEBUG=1",
					"$(inherited)",
				);
				GCC_WARN_64_TO_32_BIT_CONVERSION = YES;
				GCC_WARN_ABOUT_RETURN_TYPE = YES_ERROR;
				GCC_WARN_UNDECLARED_SELECTOR = YES;
				GCC_WARN_UNINITIALIZED_AUTOS = YES_AGGRESSIVE;
				GCC_WARN_UNUSED_FUNCTION = YES;
				GCC_WARN_UNUSED_VARIABLE = YES;
				IPHONEOS_DEPLOYMENT_TARGET = 15.5;
				MTL_ENABLE_DEBUG_INFO = INCLUDE_SOURCE;
				MTL_FAST_MATH = YES;
				ONLY_ACTIVE_ARCH = YES;
				SDKROOT = iphoneos;
				SWIFT_ACTIVE_COMPILATION_CONDITIONS = DEBUG;
				SWIFT_OPTIMIZATION_LEVEL = "-Onone";
			};
			name = Debug;
		};
		86DE7A3928D767BE00ABCBA2 /* Release */ = {
			isa = XCBuildConfiguration;
			buildSettings = {
				ALWAYS_SEARCH_USER_PATHS = NO;
				CLANG_ANALYZER_NONNULL = YES;
				CLANG_ANALYZER_NUMBER_OBJECT_CONVERSION = YES_AGGRESSIVE;
				CLANG_CXX_LANGUAGE_STANDARD = "gnu++17";
				CLANG_ENABLE_MODULES = YES;
				CLANG_ENABLE_OBJC_ARC = YES;
				CLANG_ENABLE_OBJC_WEAK = YES;
				CLANG_WARN_BLOCK_CAPTURE_AUTORELEASING = YES;
				CLANG_WARN_BOOL_CONVERSION = YES;
				CLANG_WARN_COMMA = YES;
				CLANG_WARN_CONSTANT_CONVERSION = YES;
				CLANG_WARN_DEPRECATED_OBJC_IMPLEMENTATIONS = YES;
				CLANG_WARN_DIRECT_OBJC_ISA_USAGE = YES_ERROR;
				CLANG_WARN_DOCUMENTATION_COMMENTS = YES;
				CLANG_WARN_EMPTY_BODY = YES;
				CLANG_WARN_ENUM_CONVERSION = YES;
				CLANG_WARN_INFINITE_RECURSION = YES;
				CLANG_WARN_INT_CONVERSION = YES;
				CLANG_WARN_NON_LITERAL_NULL_CONVERSION = YES;
				CLANG_WARN_OBJC_IMPLICIT_RETAIN_SELF = YES;
				CLANG_WARN_OBJC_LITERAL_CONVERSION = YES;
				CLANG_WARN_OBJC_ROOT_CLASS = YES_ERROR;
				CLANG_WARN_QUOTED_INCLUDE_IN_FRAMEWORK_HEADER = YES;
				CLANG_WARN_RANGE_LOOP_ANALYSIS = YES;
				CLANG_WARN_STRICT_PROTOTYPES = YES;
				CLANG_WARN_SUSPICIOUS_MOVE = YES;
				CLANG_WARN_UNGUARDED_AVAILABILITY = YES_AGGRESSIVE;
				CLANG_WARN_UNREACHABLE_CODE = YES;
				CLANG_WARN__DUPLICATE_METHOD_MATCH = YES;
				COPY_PHASE_STRIP = NO;
				DEBUG_INFORMATION_FORMAT = "dwarf-with-dsym";
				ENABLE_NS_ASSERTIONS = NO;
				ENABLE_STRICT_OBJC_MSGSEND = YES;
				GCC_C_LANGUAGE_STANDARD = gnu11;
				GCC_NO_COMMON_BLOCKS = YES;
				GCC_WARN_64_TO_32_BIT_CONVERSION = YES;
				GCC_WARN_ABOUT_RETURN_TYPE = YES_ERROR;
				GCC_WARN_UNDECLARED_SELECTOR = YES;
				GCC_WARN_UNINITIALIZED_AUTOS = YES_AGGRESSIVE;
				GCC_WARN_UNUSED_FUNCTION = YES;
				GCC_WARN_UNUSED_VARIABLE = YES;
				IPHONEOS_DEPLOYMENT_TARGET = 15.5;
				MTL_ENABLE_DEBUG_INFO = NO;
				MTL_FAST_MATH = YES;
				SDKROOT = iphoneos;
				SWIFT_COMPILATION_MODE = wholemodule;
				SWIFT_OPTIMIZATION_LEVEL = "-O";
				VALIDATE_PRODUCT = YES;
			};
			name = Release;
		};
		86DE7A3B28D767BE00ABCBA2 /* Debug */ = {
			isa = XCBuildConfiguration;
			buildSettings = {
				ASSETCATALOG_COMPILER_APPICON_NAME = AppIcon;
				ASSETCATALOG_COMPILER_GLOBAL_ACCENT_COLOR_NAME = AccentColor;
				CODE_SIGN_STYLE = Automatic;
				CURRENT_PROJECT_VERSION = 1;
				DEVELOPMENT_ASSET_PATHS = "\"UnitTests/Preview Content\"";
				ENABLE_PREVIEWS = YES;
				GENERATE_INFOPLIST_FILE = YES;
				INFOPLIST_KEY_UIApplicationSceneManifest_Generation = YES;
				INFOPLIST_KEY_UIApplicationSupportsIndirectInputEvents = YES;
				INFOPLIST_KEY_UILaunchScreen_Generation = YES;
				INFOPLIST_KEY_UISupportedInterfaceOrientations_iPad = "UIInterfaceOrientationPortrait UIInterfaceOrientationPortraitUpsideDown UIInterfaceOrientationLandscapeLeft UIInterfaceOrientationLandscapeRight";
				INFOPLIST_KEY_UISupportedInterfaceOrientations_iPhone = "UIInterfaceOrientationPortrait UIInterfaceOrientationLandscapeLeft UIInterfaceOrientationLandscapeRight";
				LD_RUNPATH_SEARCH_PATHS = (
					"$(inherited)",
					"@executable_path/Frameworks",
				);
				MARKETING_VERSION = 1.0;
				PRODUCT_BUNDLE_IDENTIFIER = com.anthonyjose.UnitTests;
				PRODUCT_NAME = "$(TARGET_NAME)";
				SWIFT_EMIT_LOC_STRINGS = YES;
				SWIFT_VERSION = 5.0;
				TARGETED_DEVICE_FAMILY = "1,2";
			};
			name = Debug;
		};
		86DE7A3C28D767BE00ABCBA2 /* Release */ = {
			isa = XCBuildConfiguration;
			buildSettings = {
				ASSETCATALOG_COMPILER_APPICON_NAME = AppIcon;
				ASSETCATALOG_COMPILER_GLOBAL_ACCENT_COLOR_NAME = AccentColor;
				CODE_SIGN_STYLE = Automatic;
				CURRENT_PROJECT_VERSION = 1;
				DEVELOPMENT_ASSET_PATHS = "\"UnitTests/Preview Content\"";
				ENABLE_PREVIEWS = YES;
				GENERATE_INFOPLIST_FILE = YES;
				INFOPLIST_KEY_UIApplicationSceneManifest_Generation = YES;
				INFOPLIST_KEY_UIApplicationSupportsIndirectInputEvents = YES;
				INFOPLIST_KEY_UILaunchScreen_Generation = YES;
				INFOPLIST_KEY_UISupportedInterfaceOrientations_iPad = "UIInterfaceOrientationPortrait UIInterfaceOrientationPortraitUpsideDown UIInterfaceOrientationLandscapeLeft UIInterfaceOrientationLandscapeRight";
				INFOPLIST_KEY_UISupportedInterfaceOrientations_iPhone = "UIInterfaceOrientationPortrait UIInterfaceOrientationLandscapeLeft UIInterfaceOrientationLandscapeRight";
				LD_RUNPATH_SEARCH_PATHS = (
					"$(inherited)",
					"@executable_path/Frameworks",
				);
				MARKETING_VERSION = 1.0;
				PRODUCT_BUNDLE_IDENTIFIER = com.anthonyjose.UnitTests;
				PRODUCT_NAME = "$(TARGET_NAME)";
				SWIFT_EMIT_LOC_STRINGS = YES;
				SWIFT_VERSION = 5.0;
				TARGETED_DEVICE_FAMILY = "1,2";
			};
			name = Release;
		};
		86DE7A3E28D767BE00ABCBA2 /* Debug */ = {
			isa = XCBuildConfiguration;
			buildSettings = {
				ALWAYS_EMBED_SWIFT_STANDARD_LIBRARIES = YES;
				BUNDLE_LOADER = "$(TEST_HOST)";
				CODE_SIGN_STYLE = Automatic;
				CURRENT_PROJECT_VERSION = 1;
				GENERATE_INFOPLIST_FILE = YES;
				IPHONEOS_DEPLOYMENT_TARGET = 15.5;
				MARKETING_VERSION = 1.0;
				PRODUCT_BUNDLE_IDENTIFIER = com.anthonyjose.UnitTestsTests;
				PRODUCT_NAME = "$(TARGET_NAME)";
				SWIFT_EMIT_LOC_STRINGS = NO;
				SWIFT_VERSION = 5.0;
				TARGETED_DEVICE_FAMILY = "1,2";
				TEST_HOST = "$(BUILT_PRODUCTS_DIR)/UnitTests.app/UnitTests";
			};
			name = Debug;
		};
		86DE7A3F28D767BE00ABCBA2 /* Release */ = {
			isa = XCBuildConfiguration;
			buildSettings = {
				ALWAYS_EMBED_SWIFT_STANDARD_LIBRARIES = YES;
				BUNDLE_LOADER = "$(TEST_HOST)";
				CODE_SIGN_STYLE = Automatic;
				CURRENT_PROJECT_VERSION = 1;
				GENERATE_INFOPLIST_FILE = YES;
				IPHONEOS_DEPLOYMENT_TARGET = 15.5;
				MARKETING_VERSION = 1.0;
				PRODUCT_BUNDLE_IDENTIFIER = com.anthonyjose.UnitTestsTests;
				PRODUCT_NAME = "$(TARGET_NAME)";
				SWIFT_EMIT_LOC_STRINGS = NO;
				SWIFT_VERSION = 5.0;
				TARGETED_DEVICE_FAMILY = "1,2";
				TEST_HOST = "$(BUILT_PRODUCTS_DIR)/UnitTests.app/UnitTests";
			};
			name = Release;
		};
		86DE7A4128D767BE00ABCBA2 /* Debug */ = {
			isa = XCBuildConfiguration;
			buildSettings = {
				ALWAYS_EMBED_SWIFT_STANDARD_LIBRARIES = YES;
				CODE_SIGN_STYLE = Automatic;
				CURRENT_PROJECT_VERSION = 1;
				GENERATE_INFOPLIST_FILE = YES;
				MARKETING_VERSION = 1.0;
				PRODUCT_BUNDLE_IDENTIFIER = com.anthonyjose.UnitTestsUITests;
				PRODUCT_NAME = "$(TARGET_NAME)";
				SWIFT_EMIT_LOC_STRINGS = NO;
				SWIFT_VERSION = 5.0;
				TARGETED_DEVICE_FAMILY = "1,2";
				TEST_TARGET_NAME = UnitTests;
			};
			name = Debug;
		};
		86DE7A4228D767BE00ABCBA2 /* Release */ = {
			isa = XCBuildConfiguration;
			buildSettings = {
				ALWAYS_EMBED_SWIFT_STANDARD_LIBRARIES = YES;
				CODE_SIGN_STYLE = Automatic;
				CURRENT_PROJECT_VERSION = 1;
				GENERATE_INFOPLIST_FILE = YES;
				MARKETING_VERSION = 1.0;
				PRODUCT_BUNDLE_IDENTIFIER = com.anthonyjose.UnitTestsUITests;
				PRODUCT_NAME = "$(TARGET_NAME)";
				SWIFT_EMIT_LOC_STRINGS = NO;
				SWIFT_VERSION = 5.0;
				TARGETED_DEVICE_FAMILY = "1,2";
				TEST_TARGET_NAME = UnitTests;
			};
			name = Release;
		};
/* End XCBuildConfiguration section */

/* Begin XCConfigurationList section */
		865CD22828D8A1CA0028394D /* Build configuration list for PBXNativeTarget "StringUtilsSpec" */ = {
			isa = XCConfigurationList;
			buildConfigurations = (
				865CD22628D8A1CA0028394D /* Debug */,
				865CD22728D8A1CA0028394D /* Release */,
			);
			defaultConfigurationIsVisible = 0;
			defaultConfigurationName = Release;
		};
		86DE7A1128D767B600ABCBA2 /* Build configuration list for PBXProject "UnitTests" */ = {
			isa = XCConfigurationList;
			buildConfigurations = (
				86DE7A3828D767BE00ABCBA2 /* Debug */,
				86DE7A3928D767BE00ABCBA2 /* Release */,
			);
			defaultConfigurationIsVisible = 0;
			defaultConfigurationName = Release;
		};
		86DE7A3A28D767BE00ABCBA2 /* Build configuration list for PBXNativeTarget "UnitTests" */ = {
			isa = XCConfigurationList;
			buildConfigurations = (
				86DE7A3B28D767BE00ABCBA2 /* Debug */,
				86DE7A3C28D767BE00ABCBA2 /* Release */,
			);
			defaultConfigurationIsVisible = 0;
			defaultConfigurationName = Release;
		};
		86DE7A3D28D767BE00ABCBA2 /* Build configuration list for PBXNativeTarget "UnitTestsTests" */ = {
			isa = XCConfigurationList;
			buildConfigurations = (
				86DE7A3E28D767BE00ABCBA2 /* Debug */,
				86DE7A3F28D767BE00ABCBA2 /* Release */,
			);
			defaultConfigurationIsVisible = 0;
			defaultConfigurationName = Release;
		};
		86DE7A4028D767BE00ABCBA2 /* Build configuration list for PBXNativeTarget "UnitTestsUITests" */ = {
			isa = XCConfigurationList;
			buildConfigurations = (
				86DE7A4128D767BE00ABCBA2 /* Debug */,
				86DE7A4228D767BE00ABCBA2 /* Release */,
			);
			defaultConfigurationIsVisible = 0;
			defaultConfigurationName = Release;
		};
/* End XCConfigurationList section */
	};
	rootObject = 86DE7A0E28D767B600ABCBA2 /* Project object */;
}
